
Microsoft Visual Studio Solution File, Format Version 12.00
# Visual Studio Version 17
VisualStudioVersion = 17.6.33829.357
MinimumVisualStudioVersion = 10.0.40219.1
Project("{FAE04EC0-301F-11D3-BF4B-00C04F79EFBC}") = "GitPractise1", "GitPractise1.csproj", "{68E05034-F883-4248-BE6C-393BB593D238}"
EndProject
Global
	GlobalSection(SolutionConfigurationPlatforms) = preSolution
		Debug|Any CPU = Debug|Any CPU
		Release|Any CPU = Release|Any CPU
	EndGlobalSection
	GlobalSection(ProjectConfigurationPlatforms) = postSolution
		{68E05034-F883-4248-BE6C-393BB593D238}.Debug|Any CPU.ActiveCfg = Debug|Any CPU
		{68E05034-F883-4248-BE6C-393BB593D238}.Debug|Any CPU.Build.0 = Debug|Any CPU
		{68E05034-F883-4248-BE6C-393BB593D238}.Release|Any CPU.ActiveCfg = Release|Any CPU
		{68E05034-F883-4248-BE6C-393BB593D238}.Release|Any CPU.Build.0 = Release|Any CPU
	EndGlobalSection
	GlobalSection(SolutionProperties) = preSolution
		HideSolutionNode = FALSE
	EndGlobalSection
	GlobalSection(ExtensibilityGlobals) = postSolution
		SolutionGuid = {DED033A5-C44B-4C1C-9D49-74DC8215BA8B}
	EndGlobalSection
EndGlobal
